
Microsoft Visual Studio Solution File, Format Version 12.00
# Visual Studio Version 16
VisualStudioVersion = 16.0.31829.152
MinimumVisualStudioVersion = 10.0.40219.1
Project("{9A19103F-16F7-4668-BE54-9A1E7A4F7556}") = "TCPServer", "TCPServer\TCPServer.csproj", "{6763D0CD-D363-42FF-A6AF-3468D7A7840B}"
EndProject
Project("{2150E333-8FDC-42A3-9474-1A3956D46DE8}") = "d", "d", "{4E352534-D2C5-4888-BDD7-D765A126B864}"
EndProject
Global
	GlobalSection(SolutionConfigurationPlatforms) = preSolution
		Debug|Any CPU = Debug|Any CPU
		Release|Any CPU = Release|Any CPU
	EndGlobalSection
	GlobalSection(ProjectConfigurationPlatforms) = postSolution
		{6763D0CD-D363-42FF-A6AF-3468D7A7840B}.Debug|Any CPU.ActiveCfg = Debug|Any CPU
		{6763D0CD-D363-42FF-A6AF-3468D7A7840B}.Debug|Any CPU.Build.0 = Debug|Any CPU
		{6763D0CD-D363-42FF-A6AF-3468D7A7840B}.Release|Any CPU.ActiveCfg = Release|Any CPU
		{6763D0CD-D363-42FF-A6AF-3468D7A7840B}.Release|Any CPU.Build.0 = Release|Any CPU
	EndGlobalSection
	GlobalSection(SolutionProperties) = preSolution
		HideSolutionNode = FALSE
	EndGlobalSection
	GlobalSection(ExtensibilityGlobals) = postSolution
		SolutionGuid = {AFC70A7F-7A9B-4B09-9AB7-C23CF3E0E4F3}
	EndGlobalSection
EndGlobal
